{
  "name": "frontend",
  "lockfileVersion": 2,
  "requires": true,
  "packages": {
    "": {
      "dependencies": {
        "@reduxjs/toolkit": "^1.9.0",
        "react-redux": "^8.0.5",
        "redux": "^4.2.0"
      }
    },
    "node_modules/@babel/runtime": {
      "version": "7.20.1",
      "resolved": "https://pkgs.dev.azure.com/WBA/BUKCEP/_packaging/cep-software-libs-release-npm-local/npm/registry/@babel/runtime/-/runtime-7.20.1.tgz",
      "integrity": "sha1-EUi7M6slKxZaBmmP3nV2CSp4tKk=",
      "license": "MIT",
      "dependencies": {
        "regenerator-runtime": "^0.13.10"
      },
      "engines": {
        "node": ">=6.9.0"
      }
    },
    "node_modules/@reduxjs/toolkit": {
      "version": "1.9.0",
      "resolved": "https://pkgs.dev.azure.com/WBA/BUKCEP/_packaging/cep-software-libs-release-npm-local/npm/registry/@reduxjs/toolkit/-/toolkit-1.9.0.tgz",
      "integrity": "sha1-drJk/OpnfSVrGPhsx34AdDqeArA=",
      "license": "MIT",
      "dependencies": {
        "immer": "^9.0.16",
        "redux": "^4.2.0",
        "redux-thunk": "^2.4.2",
        "reselect": "^4.1.7"
      },
      "peerDependencies": {
        "react": "^16.9.0 || ^17.0.0 || ^18",
        "react-redux": "^7.2.1 || ^8.0.2"
      },
      "peerDependenciesMeta": {
        "react": {
          "optional": true
        },
        "react-redux": {
          "optional": true
        }
      }
    },
    "node_modules/@types/hoist-non-react-statics": {
      "version": "3.3.1",
      "resolved": "https://pkgs.dev.azure.com/WBA/BUKCEP/_packaging/cep-software-libs-release-npm-local/npm/registry/@types/hoist-non-react-statics/-/hoist-non-react-statics-3.3.1.tgz",
      "integrity": "sha1-ESSq/lEYy1kZd66xzqrtEHDrA58=",
      "license": "MIT",
      "dependencies": {
        "@types/react": "*",
        "hoist-non-react-statics": "^3.3.0"
      }
    },
    "node_modules/@types/prop-types": {
      "version": "15.7.5",
      "resolved": "https://pkgs.dev.azure.com/WBA/BUKCEP/_packaging/cep-software-libs-release-npm-local/npm/registry/@types/prop-types/-/prop-types-15.7.5.tgz",
      "integrity": "sha1-XxnSuFqY6VWANvajysyIGUIPBc8=",
      "license": "MIT"
    },
    "node_modules/@types/react": {
      "version": "18.0.25",
      "resolved": "https://pkgs.dev.azure.com/WBA/BUKCEP/_packaging/cep-software-libs-release-npm-local/npm/registry/@types/react/-/react-18.0.25.tgz",
      "integrity": "sha1-ix3Nflb+cxVTWkryVDXgu1XIrkQ=",
      "license": "MIT",
      "dependencies": {
        "@types/prop-types": "*",
        "@types/scheduler": "*",
        "csstype": "^3.0.2"
      }
    },
    "node_modules/@types/scheduler": {
      "version": "0.16.2",
      "resolved": "https://pkgs.dev.azure.com/WBA/BUKCEP/_packaging/cep-software-libs-release-npm-local/npm/registry/@types/scheduler/-/scheduler-0.16.2.tgz",
      "integrity": "sha1-GmL4lSVyPd4kuhsBsJK/XfitTTk=",
      "license": "MIT"
    },
    "node_modules/@types/use-sync-external-store": {
      "version": "0.0.3",
      "resolved": "https://pkgs.dev.azure.com/WBA/BUKCEP/_packaging/cep-software-libs-release-npm-local/npm/registry/@types/use-sync-external-store/-/use-sync-external-store-0.0.3.tgz",
      "integrity": "sha1-tnJdX0rySs4zs2+v0pUTbnVQn0M=",
      "license": "MIT"
    },
    "node_modules/csstype": {
      "version": "3.1.1",
      "resolved": "https://pkgs.dev.azure.com/WBA/BUKCEP/_packaging/cep-software-libs-release-npm-local/npm/registry/csstype/-/csstype-3.1.1.tgz",
      "integrity": "sha1-hBtTLEXHWO5UahHVvXt7RzyMMLk=",
      "license": "MIT"
    },
    "node_modules/hoist-non-react-statics": {
      "version": "3.3.2",
      "resolved": "https://pkgs.dev.azure.com/WBA/BUKCEP/_packaging/cep-software-libs-release-npm-local/npm/registry/hoist-non-react-statics/-/hoist-non-react-statics-3.3.2.tgz",
      "integrity": "sha1-7OCsr3HWLClpwuxZ/v9CpLGoW0U=",
      "license": "BSD-3-Clause",
      "dependencies": {
        "react-is": "^16.7.0"
      }
    },
    "node_modules/hoist-non-react-statics/node_modules/react-is": {
      "version": "16.13.1",
      "resolved": "https://pkgs.dev.azure.com/WBA/BUKCEP/_packaging/cep-software-libs-release-npm-local/npm/registry/react-is/-/react-is-16.13.1.tgz",
      "integrity": "sha1-eJcppNw23imZ3BVt1sHZwYzqVqQ=",
      "license": "MIT"
    },
    "node_modules/immer": {
      "version": "9.0.16",
      "resolved": "https://pkgs.dev.azure.com/WBA/BUKCEP/_packaging/cep-software-libs-release-npm-local/npm/registry/immer/-/immer-9.0.16.tgz",
      "integrity": "sha1-jnyquAEYwrVLN61D4FdYze+tAZg=",
      "license": "MIT",
      "funding": {
        "type": "opencollective",
        "url": "https://opencollective.com/immer"
      }
    },
    "node_modules/js-tokens": {
      "version": "4.0.0",
      "resolved": "https://pkgs.dev.azure.com/WBA/BUKCEP/_packaging/cep-software-libs-release-npm-local/npm/registry/js-tokens/-/js-tokens-4.0.0.tgz",
      "integrity": "sha1-GSA/tZmR35jjoocFDUZHzerzJJk=",
      "license": "MIT",
      "peer": true
    },
    "node_modules/loose-envify": {
      "version": "1.4.0",
      "resolved": "https://pkgs.dev.azure.com/WBA/BUKCEP/_packaging/cep-software-libs-release-npm-local/npm/registry/loose-envify/-/loose-envify-1.4.0.tgz",
      "integrity": "sha1-ce5R+nvkyuwaY4OffmgtgTLTDK8=",
      "license": "MIT",
      "peer": true,
      "dependencies": {
        "js-tokens": "^3.0.0 || ^4.0.0"
      },
      "bin": {
        "loose-envify": "cli.js"
      }
    },
    "node_modules/react": {
      "version": "18.2.0",
      "resolved": "https://pkgs.dev.azure.com/WBA/BUKCEP/_packaging/cep-software-libs-release-npm-local/npm/registry/react/-/react-18.2.0.tgz",
      "integrity": "sha1-VVvZhZKIMlX6AN4U8RUakXtdd9U=",
      "license": "MIT",
      "peer": true,
      "dependencies": {
        "loose-envify": "^1.1.0"
      },
      "engines": {
        "node": ">=0.10.0"
      }
    },
    "node_modules/react-is": {
      "version": "18.2.0",
      "resolved": "https://pkgs.dev.azure.com/WBA/BUKCEP/_packaging/cep-software-libs-release-npm-local/npm/registry/react-is/-/react-is-18.2.0.tgz",
      "integrity": "sha1-GZQx7qqi4J+GQn77tPFHPttHYJs=",
      "license": "MIT"
    },
    "node_modules/react-redux": {
      "version": "8.0.5",
      "resolved": "https://pkgs.dev.azure.com/WBA/BUKCEP/_packaging/cep-software-libs-release-npm-local/npm/registry/react-redux/-/react-redux-8.0.5.tgz",
      "integrity": "sha1-5fuDMZk6AZuKry4WepPRCvRpx70=",
      "license": "MIT",
      "dependencies": {
        "@babel/runtime": "^7.12.1",
        "@types/hoist-non-react-statics": "^3.3.1",
        "@types/use-sync-external-store": "^0.0.3",
        "hoist-non-react-statics": "^3.3.2",
        "react-is": "^18.0.0",
        "use-sync-external-store": "^1.0.0"
      },
      "peerDependencies": {
        "@types/react": "^16.8 || ^17.0 || ^18.0",
        "@types/react-dom": "^16.8 || ^17.0 || ^18.0",
        "react": "^16.8 || ^17.0 || ^18.0",
        "react-dom": "^16.8 || ^17.0 || ^18.0",
        "react-native": ">=0.59",
        "redux": "^4"
      },
      "peerDependenciesMeta": {
        "@types/react": {
          "optional": true
        },
        "@types/react-dom": {
          "optional": true
        },
        "react-dom": {
          "optional": true
        },
        "react-native": {
          "optional": true
        },
        "redux": {
          "optional": true
        }
      }
    },
    "node_modules/redux": {
      "version": "4.2.0",
      "resolved": "https://pkgs.dev.azure.com/WBA/BUKCEP/_packaging/cep-software-libs-release-npm-local/npm/registry/redux/-/redux-4.2.0.tgz",
      "integrity": "sha1-RvENbim2Zm33WHgEN2Ue6yuWnxM=",
      "license": "MIT",
      "dependencies": {
        "@babel/runtime": "^7.9.2"
      }
    },
    "node_modules/redux-thunk": {
      "version": "2.4.2",
      "resolved": "https://pkgs.dev.azure.com/WBA/BUKCEP/_packaging/cep-software-libs-release-npm-local/npm/registry/redux-thunk/-/redux-thunk-2.4.2.tgz",
      "integrity": "sha1-udBdEZlLmfepHqIj6LBM8K+l7zs=",
      "license": "MIT",
      "peerDependencies": {
        "redux": "^4"
      }
    },
    "node_modules/regenerator-runtime": {
      "version": "0.13.10",
      "resolved": "https://pkgs.dev.azure.com/WBA/BUKCEP/_packaging/cep-software-libs-release-npm-local/npm/registry/regenerator-runtime/-/regenerator-runtime-0.13.10.tgz",
      "integrity": "sha1-7Qexlha8vsXaYnTrx1rpVjS/wu4=",
      "license": "MIT"
    },
    "node_modules/reselect": {
      "version": "4.1.7",
      "resolved": "https://pkgs.dev.azure.com/WBA/BUKCEP/_packaging/cep-software-libs-release-npm-local/npm/registry/reselect/-/reselect-4.1.7.tgz",
      "integrity": "sha1-VkgNn/PTGIlw7it2UnvZSpVWekI=",
      "license": "MIT"
    },
    "node_modules/use-sync-external-store": {
      "version": "1.2.0",
      "resolved": "https://pkgs.dev.azure.com/WBA/BUKCEP/_packaging/cep-software-libs-release-npm-local/npm/registry/use-sync-external-store/-/use-sync-external-store-1.2.0.tgz",
      "integrity": "sha1-fb79bvP+TnZ6DPXXKHqs+1hGkoo=",
      "license": "MIT",
      "peerDependencies": {
        "react": "^16.8.0 || ^17.0.0 || ^18.0.0"
      }
    }
  },
  "dependencies": {
    "@babel/runtime": {
      "version": "7.20.1",
      "resolved": "https://pkgs.dev.azure.com/WBA/BUKCEP/_packaging/cep-software-libs-release-npm-local/npm/registry/@babel/runtime/-/runtime-7.20.1.tgz",
      "integrity": "sha1-EUi7M6slKxZaBmmP3nV2CSp4tKk=",
      "requires": {
        "regenerator-runtime": "^0.13.10"
      }
    },
    "@reduxjs/toolkit": {
      "version": "1.9.0",
      "resolved": "https://pkgs.dev.azure.com/WBA/BUKCEP/_packaging/cep-software-libs-release-npm-local/npm/registry/@reduxjs/toolkit/-/toolkit-1.9.0.tgz",
      "integrity": "sha1-drJk/OpnfSVrGPhsx34AdDqeArA=",
      "requires": {
        "immer": "^9.0.16",
        "redux": "^4.2.0",
        "redux-thunk": "^2.4.2",
        "reselect": "^4.1.7"
      }
    },
    "@types/hoist-non-react-statics": {
      "version": "3.3.1",
      "resolved": "https://pkgs.dev.azure.com/WBA/BUKCEP/_packaging/cep-software-libs-release-npm-local/npm/registry/@types/hoist-non-react-statics/-/hoist-non-react-statics-3.3.1.tgz",
      "integrity": "sha1-ESSq/lEYy1kZd66xzqrtEHDrA58=",
      "requires": {
        "@types/react": "*",
        "hoist-non-react-statics": "^3.3.0"
      }
    },
    "@types/prop-types": {
      "version": "15.7.5",
      "resolved": "https://pkgs.dev.azure.com/WBA/BUKCEP/_packaging/cep-software-libs-release-npm-local/npm/registry/@types/prop-types/-/prop-types-15.7.5.tgz",
      "integrity": "sha1-XxnSuFqY6VWANvajysyIGUIPBc8="
    },
    "@types/react": {
      "version": "18.0.25",
      "resolved": "https://pkgs.dev.azure.com/WBA/BUKCEP/_packaging/cep-software-libs-release-npm-local/npm/registry/@types/react/-/react-18.0.25.tgz",
      "integrity": "sha1-ix3Nflb+cxVTWkryVDXgu1XIrkQ=",
      "requires": {
        "@types/prop-types": "*",
        "@types/scheduler": "*",
        "csstype": "^3.0.2"
      }
    },
    "@types/scheduler": {
      "version": "0.16.2",
      "resolved": "https://pkgs.dev.azure.com/WBA/BUKCEP/_packaging/cep-software-libs-release-npm-local/npm/registry/@types/scheduler/-/scheduler-0.16.2.tgz",
      "integrity": "sha1-GmL4lSVyPd4kuhsBsJK/XfitTTk="
    },
    "@types/use-sync-external-store": {
      "version": "0.0.3",
      "resolved": "https://pkgs.dev.azure.com/WBA/BUKCEP/_packaging/cep-software-libs-release-npm-local/npm/registry/@types/use-sync-external-store/-/use-sync-external-store-0.0.3.tgz",
      "integrity": "sha1-tnJdX0rySs4zs2+v0pUTbnVQn0M="
    },
    "csstype": {
      "version": "3.1.1",
      "resolved": "https://pkgs.dev.azure.com/WBA/BUKCEP/_packaging/cep-software-libs-release-npm-local/npm/registry/csstype/-/csstype-3.1.1.tgz",
      "integrity": "sha1-hBtTLEXHWO5UahHVvXt7RzyMMLk="
    },
    "hoist-non-react-statics": {
      "version": "3.3.2",
      "resolved": "https://pkgs.dev.azure.com/WBA/BUKCEP/_packaging/cep-software-libs-release-npm-local/npm/registry/hoist-non-react-statics/-/hoist-non-react-statics-3.3.2.tgz",
      "integrity": "sha1-7OCsr3HWLClpwuxZ/v9CpLGoW0U=",
      "requires": {
        "react-is": "^16.7.0"
      },
      "dependencies": {
        "react-is": {
          "version": "16.13.1",
          "resolved": "https://pkgs.dev.azure.com/WBA/BUKCEP/_packaging/cep-software-libs-release-npm-local/npm/registry/react-is/-/react-is-16.13.1.tgz",
          "integrity": "sha1-eJcppNw23imZ3BVt1sHZwYzqVqQ="
        }
      }
    },
    "immer": {
      "version": "9.0.16",
      "resolved": "https://pkgs.dev.azure.com/WBA/BUKCEP/_packaging/cep-software-libs-release-npm-local/npm/registry/immer/-/immer-9.0.16.tgz",
      "integrity": "sha1-jnyquAEYwrVLN61D4FdYze+tAZg="
    },
    "js-tokens": {
      "version": "4.0.0",
      "resolved": "https://pkgs.dev.azure.com/WBA/BUKCEP/_packaging/cep-software-libs-release-npm-local/npm/registry/js-tokens/-/js-tokens-4.0.0.tgz",
      "integrity": "sha1-GSA/tZmR35jjoocFDUZHzerzJJk=",
      "peer": true
    },
    "loose-envify": {
      "version": "1.4.0",
      "resolved": "https://pkgs.dev.azure.com/WBA/BUKCEP/_packaging/cep-software-libs-release-npm-local/npm/registry/loose-envify/-/loose-envify-1.4.0.tgz",
      "integrity": "sha1-ce5R+nvkyuwaY4OffmgtgTLTDK8=",
      "peer": true,
      "requires": {
        "js-tokens": "^3.0.0 || ^4.0.0"
      }
    },
    "react": {
      "version": "18.2.0",
      "resolved": "https://pkgs.dev.azure.com/WBA/BUKCEP/_packaging/cep-software-libs-release-npm-local/npm/registry/react/-/react-18.2.0.tgz",
      "integrity": "sha1-VVvZhZKIMlX6AN4U8RUakXtdd9U=",
      "peer": true,
      "requires": {
        "loose-envify": "^1.1.0"
      }
    },
    "react-is": {
      "version": "18.2.0",
      "resolved": "https://pkgs.dev.azure.com/WBA/BUKCEP/_packaging/cep-software-libs-release-npm-local/npm/registry/react-is/-/react-is-18.2.0.tgz",
      "integrity": "sha1-GZQx7qqi4J+GQn77tPFHPttHYJs="
    },
    "react-redux": {
      "version": "8.0.5",
      "resolved": "https://pkgs.dev.azure.com/WBA/BUKCEP/_packaging/cep-software-libs-release-npm-local/npm/registry/react-redux/-/react-redux-8.0.5.tgz",
      "integrity": "sha1-5fuDMZk6AZuKry4WepPRCvRpx70=",
      "requires": {
        "@babel/runtime": "^7.12.1",
        "@types/hoist-non-react-statics": "^3.3.1",
        "@types/use-sync-external-store": "^0.0.3",
        "hoist-non-react-statics": "^3.3.2",
        "react-is": "^18.0.0",
        "use-sync-external-store": "^1.0.0"
      }
    },
    "redux": {
      "version": "4.2.0",
      "resolved": "https://pkgs.dev.azure.com/WBA/BUKCEP/_packaging/cep-software-libs-release-npm-local/npm/registry/redux/-/redux-4.2.0.tgz",
      "integrity": "sha1-RvENbim2Zm33WHgEN2Ue6yuWnxM=",
      "requires": {
        "@babel/runtime": "^7.9.2"
      }
    },
    "redux-thunk": {
      "version": "2.4.2",
      "resolved": "https://pkgs.dev.azure.com/WBA/BUKCEP/_packaging/cep-software-libs-release-npm-local/npm/registry/redux-thunk/-/redux-thunk-2.4.2.tgz",
      "integrity": "sha1-udBdEZlLmfepHqIj6LBM8K+l7zs=",
      "requires": {}
    },
    "regenerator-runtime": {
      "version": "0.13.10",
      "resolved": "https://pkgs.dev.azure.com/WBA/BUKCEP/_packaging/cep-software-libs-release-npm-local/npm/registry/regenerator-runtime/-/regenerator-runtime-0.13.10.tgz",
      "integrity": "sha1-7Qexlha8vsXaYnTrx1rpVjS/wu4="
    },
    "reselect": {
      "version": "4.1.7",
      "resolved": "https://pkgs.dev.azure.com/WBA/BUKCEP/_packaging/cep-software-libs-release-npm-local/npm/registry/reselect/-/reselect-4.1.7.tgz",
      "integrity": "sha1-VkgNn/PTGIlw7it2UnvZSpVWekI="
    },
    "use-sync-external-store": {
      "version": "1.2.0",
      "resolved": "https://pkgs.dev.azure.com/WBA/BUKCEP/_packaging/cep-software-libs-release-npm-local/npm/registry/use-sync-external-store/-/use-sync-external-store-1.2.0.tgz",
      "integrity": "sha1-fb79bvP+TnZ6DPXXKHqs+1hGkoo=",
      "requires": {}
    }
  }
}
